
Microsoft Visual Studio Solution File, Format Version 12.00
# Visual Studio 15
VisualStudioVersion = 15.0.27703.2047
MinimumVisualStudioVersion = 10.0.40219.1
Project("{FAE04EC0-301F-11D3-BF4B-00C04F79EFBC}") = "CSO", "CSO\CSO.csproj", "{E1D288CC-87F6-4BCA-B208-37BBFADCCCE0}"
EndProject
Project("{FAE04EC0-301F-11D3-BF4B-00C04F79EFBC}") = "OrdenacaoService", "OrdenacaoService\OrdenacaoService.csproj", "{6DAE8DB7-9BDA-46AD-8FBB-248D45B6AD85}"
EndProject
Project("{FAE04EC0-301F-11D3-BF4B-00C04F79EFBC}") = "OrdenacaoServiceTeste", "Tests\OperacaoServiceTeste\OrdenacaoServiceTeste.csproj", "{DB155F15-2BD2-4A71-94C8-2C16233FB49F}"
EndProject
Project("{2150E333-8FDC-42A3-9474-1A3956D46DE8}") = "Solution Items", "Solution Items", "{132E0FCF-D29C-40AB-9C34-3358474DEB96}"
	ProjectSection(SolutionItems) = preProject
		App.config = App.config
	EndProjectSection
EndProject
Global
	GlobalSection(SolutionConfigurationPlatforms) = preSolution
		Debug|Any CPU = Debug|Any CPU
		Release|Any CPU = Release|Any CPU
	EndGlobalSection
	GlobalSection(ProjectConfigurationPlatforms) = postSolution
		{E1D288CC-87F6-4BCA-B208-37BBFADCCCE0}.Debug|Any CPU.ActiveCfg = Debug|Any CPU
		{E1D288CC-87F6-4BCA-B208-37BBFADCCCE0}.Debug|Any CPU.Build.0 = Debug|Any CPU
		{E1D288CC-87F6-4BCA-B208-37BBFADCCCE0}.Release|Any CPU.ActiveCfg = Release|Any CPU
		{E1D288CC-87F6-4BCA-B208-37BBFADCCCE0}.Release|Any CPU.Build.0 = Release|Any CPU
		{6DAE8DB7-9BDA-46AD-8FBB-248D45B6AD85}.Debug|Any CPU.ActiveCfg = Debug|Any CPU
		{6DAE8DB7-9BDA-46AD-8FBB-248D45B6AD85}.Debug|Any CPU.Build.0 = Debug|Any CPU
		{6DAE8DB7-9BDA-46AD-8FBB-248D45B6AD85}.Release|Any CPU.ActiveCfg = Release|Any CPU
		{6DAE8DB7-9BDA-46AD-8FBB-248D45B6AD85}.Release|Any CPU.Build.0 = Release|Any CPU
		{DB155F15-2BD2-4A71-94C8-2C16233FB49F}.Debug|Any CPU.ActiveCfg = Debug|Any CPU
		{DB155F15-2BD2-4A71-94C8-2C16233FB49F}.Debug|Any CPU.Build.0 = Debug|Any CPU
		{DB155F15-2BD2-4A71-94C8-2C16233FB49F}.Release|Any CPU.ActiveCfg = Release|Any CPU
		{DB155F15-2BD2-4A71-94C8-2C16233FB49F}.Release|Any CPU.Build.0 = Release|Any CPU
	EndGlobalSection
	GlobalSection(SolutionProperties) = preSolution
		HideSolutionNode = FALSE
	EndGlobalSection
	GlobalSection(ExtensibilityGlobals) = postSolution
		SolutionGuid = {EBE1CCD4-2C22-4C3F-BFEF-B5FDA1B5E536}
	EndGlobalSection
EndGlobal
